
Microsoft Visual Studio Solution File, Format Version 12.00
# Visual Studio 15
VisualStudioVersion = 15.0.28010.2036
MinimumVisualStudioVersion = 10.0.40219.1
Project("{8BC9CEB8-8B4A-11D0-8D11-00A0C91BC942}") = "496. Next Greater Element I", "496. Next Greater Element I\496. Next Greater Element I.vcxproj", "{614F33E1-855D-41E7-B9B9-31B297CA3BC1}"
EndProject
Global
	GlobalSection(SolutionConfigurationPlatforms) = preSolution
		Debug|x64 = Debug|x64
		Debug|x86 = Debug|x86
		Release|x64 = Release|x64
		Release|x86 = Release|x86
	EndGlobalSection
	GlobalSection(ProjectConfigurationPlatforms) = postSolution
		{614F33E1-855D-41E7-B9B9-31B297CA3BC1}.Debug|x64.ActiveCfg = Debug|x64
		{614F33E1-855D-41E7-B9B9-31B297CA3BC1}.Debug|x64.Build.0 = Debug|x64
		{614F33E1-855D-41E7-B9B9-31B297CA3BC1}.Debug|x86.ActiveCfg = Debug|Win32
		{614F33E1-855D-41E7-B9B9-31B297CA3BC1}.Debug|x86.Build.0 = Debug|Win32
		{614F33E1-855D-41E7-B9B9-31B297CA3BC1}.Release|x64.ActiveCfg = Release|x64
		{614F33E1-855D-41E7-B9B9-31B297CA3BC1}.Release|x64.Build.0 = Release|x64
		{614F33E1-855D-41E7-B9B9-31B297CA3BC1}.Release|x86.ActiveCfg = Release|Win32
		{614F33E1-855D-41E7-B9B9-31B297CA3BC1}.Release|x86.Build.0 = Release|Win32
	EndGlobalSection
	GlobalSection(SolutionProperties) = preSolution
		HideSolutionNode = FALSE
	EndGlobalSection
	GlobalSection(ExtensibilityGlobals) = postSolution
		SolutionGuid = {9AFE24D3-A02D-4F34-997E-F3624E1FB0B2}
	EndGlobalSection
EndGlobal
